
Microsoft Visual Studio Solution File, Format Version 12.00
Project("{FAE04EC0-301F-11D3-BF4B-00C04F79EFBC}") = "LinearAlgebra", "LinearAlgebra.csproj", "{1331CFB6-468A-4D26-804F-1E289A9E789F}"
EndProject
Global
	GlobalSection(SolutionConfigurationPlatforms) = preSolution
		Debug|Any CPU = Debug|Any CPU
		Release|Any CPU = Release|Any CPU
	EndGlobalSection
	GlobalSection(ProjectConfigurationPlatforms) = postSolution
		{1331CFB6-468A-4D26-804F-1E289A9E789F}.Debug|Any CPU.ActiveCfg = Debug|Any CPU
		{1331CFB6-468A-4D26-804F-1E289A9E789F}.Debug|Any CPU.Build.0 = Debug|Any CPU
		{1331CFB6-468A-4D26-804F-1E289A9E789F}.Release|Any CPU.ActiveCfg = Release|Any CPU
		{1331CFB6-468A-4D26-804F-1E289A9E789F}.Release|Any CPU.Build.0 = Release|Any CPU
	EndGlobalSection
EndGlobal
